
Microsoft Visual Studio Solution File, Format Version 12.00
# Visual Studio Version 17
VisualStudioVersion = 17.2.32616.157
MinimumVisualStudioVersion = 10.0.40219.1
Project("{9A19103F-16F7-4668-BE54-9A1E7A4F7556}") = "TeamspeakActivityBot", "TeamspeakActivityBot\TeamspeakActivityBot.csproj", "{932A18BD-90CF-4D5B-AF41-B89F68C49E54}"
EndProject
Project("{9A19103F-16F7-4668-BE54-9A1E7A4F7556}") = "TeamSpeak3QueryApi", "..\TeamSpeak3QueryApi\src\TeamSpeak3QueryApi\TeamSpeak3QueryApi.csproj", "{ECEE7D30-946D-4CA2-B277-E4A4F8D20E88}"
EndProject
Global
	GlobalSection(SolutionConfigurationPlatforms) = preSolution
		Debug|Any CPU = Debug|Any CPU
		Release|Any CPU = Release|Any CPU
	EndGlobalSection
	GlobalSection(ProjectConfigurationPlatforms) = postSolution
		{932A18BD-90CF-4D5B-AF41-B89F68C49E54}.Debug|Any CPU.ActiveCfg = Debug|Any CPU
		{932A18BD-90CF-4D5B-AF41-B89F68C49E54}.Debug|Any CPU.Build.0 = Debug|Any CPU
		{932A18BD-90CF-4D5B-AF41-B89F68C49E54}.Release|Any CPU.ActiveCfg = Release|Any CPU
		{932A18BD-90CF-4D5B-AF41-B89F68C49E54}.Release|Any CPU.Build.0 = Release|Any CPU
		{ECEE7D30-946D-4CA2-B277-E4A4F8D20E88}.Debug|Any CPU.ActiveCfg = Debug|Any CPU
		{ECEE7D30-946D-4CA2-B277-E4A4F8D20E88}.Debug|Any CPU.Build.0 = Debug|Any CPU
		{ECEE7D30-946D-4CA2-B277-E4A4F8D20E88}.Release|Any CPU.ActiveCfg = Release|Any CPU
		{ECEE7D30-946D-4CA2-B277-E4A4F8D20E88}.Release|Any CPU.Build.0 = Release|Any CPU
	EndGlobalSection
	GlobalSection(SolutionProperties) = preSolution
		HideSolutionNode = FALSE
	EndGlobalSection
	GlobalSection(ExtensibilityGlobals) = postSolution
		SolutionGuid = {0B79E073-84CC-4832-9D59-021C4A2D1005}
	EndGlobalSection
EndGlobal
